
Microsoft Visual Studio Solution File, Format Version 12.00
# Visual Studio Version 17
VisualStudioVersion = 17.8.34322.80
MinimumVisualStudioVersion = 10.0.40219.1
Project("{FAE04EC0-301F-11D3-BF4B-00C04F79EFBC}") = "TravelBlog", "TravelBlog\TravelBlog.csproj", "{882D45C3-971D-4F1C-9634-6734513F5326}"
EndProject
Global
	GlobalSection(SolutionConfigurationPlatforms) = preSolution
		Debug|Any CPU = Debug|Any CPU
		Release|Any CPU = Release|Any CPU
	EndGlobalSection
	GlobalSection(ProjectConfigurationPlatforms) = postSolution
		{882D45C3-971D-4F1C-9634-6734513F5326}.Debug|Any CPU.ActiveCfg = Debug|Any CPU
		{882D45C3-971D-4F1C-9634-6734513F5326}.Debug|Any CPU.Build.0 = Debug|Any CPU
		{882D45C3-971D-4F1C-9634-6734513F5326}.Release|Any CPU.ActiveCfg = Release|Any CPU
		{882D45C3-971D-4F1C-9634-6734513F5326}.Release|Any CPU.Build.0 = Release|Any CPU
	EndGlobalSection
	GlobalSection(SolutionProperties) = preSolution
		HideSolutionNode = FALSE
	EndGlobalSection
	GlobalSection(ExtensibilityGlobals) = postSolution
		SolutionGuid = {3C6666C9-335D-4108-8D35-38B788D020B4}
	EndGlobalSection
EndGlobal
